
Microsoft Visual Studio Solution File, Format Version 12.00
# Visual Studio Version 17
VisualStudioVersion = 17.8.34511.84
MinimumVisualStudioVersion = 10.0.40219.1
Project("{9A19103F-16F7-4668-BE54-9A1E7A4F7556}") = "WebAppWare", "WebAppWare\WebAppWare.csproj", "{1C36C06A-E52B-4F59-B01A-FE4E3D1D546A}"
EndProject
Project("{9A19103F-16F7-4668-BE54-9A1E7A4F7556}") = "WebAppWare.Database", "WepAppWare.Database\WebAppWare.Database.csproj", "{78869F01-725B-4368-91BE-BFE45F6FAE1B}"
EndProject
Global
	GlobalSection(SolutionConfigurationPlatforms) = preSolution
		Debug|Any CPU = Debug|Any CPU
		Release|Any CPU = Release|Any CPU
	EndGlobalSection
	GlobalSection(ProjectConfigurationPlatforms) = postSolution
		{1C36C06A-E52B-4F59-B01A-FE4E3D1D546A}.Debug|Any CPU.ActiveCfg = Debug|Any CPU
		{1C36C06A-E52B-4F59-B01A-FE4E3D1D546A}.Debug|Any CPU.Build.0 = Debug|Any CPU
		{1C36C06A-E52B-4F59-B01A-FE4E3D1D546A}.Release|Any CPU.ActiveCfg = Release|Any CPU
		{1C36C06A-E52B-4F59-B01A-FE4E3D1D546A}.Release|Any CPU.Build.0 = Release|Any CPU
		{78869F01-725B-4368-91BE-BFE45F6FAE1B}.Debug|Any CPU.ActiveCfg = Debug|Any CPU
		{78869F01-725B-4368-91BE-BFE45F6FAE1B}.Debug|Any CPU.Build.0 = Debug|Any CPU
		{78869F01-725B-4368-91BE-BFE45F6FAE1B}.Release|Any CPU.ActiveCfg = Release|Any CPU
		{78869F01-725B-4368-91BE-BFE45F6FAE1B}.Release|Any CPU.Build.0 = Release|Any CPU
	EndGlobalSection
	GlobalSection(SolutionProperties) = preSolution
		HideSolutionNode = FALSE
	EndGlobalSection
	GlobalSection(ExtensibilityGlobals) = postSolution
		SolutionGuid = {5C432F55-D8C0-4082-BFE2-90D66A83D54C}
	EndGlobalSection
EndGlobal
